
Microsoft Visual Studio Solution File, Format Version 12.00
# Visual Studio 2013
VisualStudioVersion = 12.0.31101.0
MinimumVisualStudioVersion = 10.0.40219.1
Project("{FAE04EC0-301F-11D3-BF4B-00C04F79EFBC}") = "ACMPanel", "ACMPanel\ACMPanel.csproj", "{83112533-43AA-4B26-A6F8-E7F295CDE7BB}"
EndProject
Global
	GlobalSection(SolutionConfigurationPlatforms) = preSolution
		Debug|Any CPU = Debug|Any CPU
		Release|Any CPU = Release|Any CPU
	EndGlobalSection
	GlobalSection(ProjectConfigurationPlatforms) = postSolution
		{83112533-43AA-4B26-A6F8-E7F295CDE7BB}.Debug|Any CPU.ActiveCfg = Debug|Any CPU
		{83112533-43AA-4B26-A6F8-E7F295CDE7BB}.Debug|Any CPU.Build.0 = Debug|Any CPU
		{83112533-43AA-4B26-A6F8-E7F295CDE7BB}.Release|Any CPU.ActiveCfg = Release|Any CPU
		{83112533-43AA-4B26-A6F8-E7F295CDE7BB}.Release|Any CPU.Build.0 = Release|Any CPU
	EndGlobalSection
	GlobalSection(SolutionProperties) = preSolution
		HideSolutionNode = FALSE
	EndGlobalSection
	GlobalSection(ExtensibilityGlobals) = postSolution
		SolutionGuid = {9857DB9E-1E12-4583-BFE4-AE2AED08CAEB}
	EndGlobalSection
EndGlobal
